
Microsoft Visual Studio Solution File, Format Version 12.00
# Visual Studio Version 17
VisualStudioVersion = 17.6.33829.357
MinimumVisualStudioVersion = 10.0.40219.1
Project("{FAE04EC0-301F-11D3-BF4B-00C04F79EFBC}") = "Condition1", "Condition1\Condition1.csproj", "{54B2761E-38E8-429E-B631-252F86666918}"
EndProject
Global
	GlobalSection(SolutionConfigurationPlatforms) = preSolution
		Debug|Any CPU = Debug|Any CPU
		Release|Any CPU = Release|Any CPU
	EndGlobalSection
	GlobalSection(ProjectConfigurationPlatforms) = postSolution
		{54B2761E-38E8-429E-B631-252F86666918}.Debug|Any CPU.ActiveCfg = Debug|Any CPU
		{54B2761E-38E8-429E-B631-252F86666918}.Debug|Any CPU.Build.0 = Debug|Any CPU
		{54B2761E-38E8-429E-B631-252F86666918}.Release|Any CPU.ActiveCfg = Release|Any CPU
		{54B2761E-38E8-429E-B631-252F86666918}.Release|Any CPU.Build.0 = Release|Any CPU
	EndGlobalSection
	GlobalSection(SolutionProperties) = preSolution
		HideSolutionNode = FALSE
	EndGlobalSection
	GlobalSection(ExtensibilityGlobals) = postSolution
		SolutionGuid = {ACADC12C-9058-4CC0-A908-EE0B1925E495}
	EndGlobalSection
EndGlobal
